
Microsoft Visual Studio Solution File, Format Version 12.00
# Visual Studio Version 17
VisualStudioVersion = 17.3.32811.315
MinimumVisualStudioVersion = 10.0.40219.1
Project("{FAE04EC0-301F-11D3-BF4B-00C04F79EFBC}") = "ThreadCreate", "ThreadCreate\ThreadCreate.csproj", "{EFEC62DD-800C-483F-B892-76DD89171E3A}"
EndProject
Global
	GlobalSection(SolutionConfigurationPlatforms) = preSolution
		Debug|Any CPU = Debug|Any CPU
		Release|Any CPU = Release|Any CPU
	EndGlobalSection
	GlobalSection(ProjectConfigurationPlatforms) = postSolution
		{EFEC62DD-800C-483F-B892-76DD89171E3A}.Debug|Any CPU.ActiveCfg = Debug|Any CPU
		{EFEC62DD-800C-483F-B892-76DD89171E3A}.Debug|Any CPU.Build.0 = Debug|Any CPU
		{EFEC62DD-800C-483F-B892-76DD89171E3A}.Release|Any CPU.ActiveCfg = Release|Any CPU
		{EFEC62DD-800C-483F-B892-76DD89171E3A}.Release|Any CPU.Build.0 = Release|Any CPU
	EndGlobalSection
	GlobalSection(SolutionProperties) = preSolution
		HideSolutionNode = FALSE
	EndGlobalSection
	GlobalSection(ExtensibilityGlobals) = postSolution
		SolutionGuid = {FB729B66-E41A-4DCA-9CBA-ED846F32F6F7}
	EndGlobalSection
EndGlobal
