
Microsoft Visual Studio Solution File, Format Version 12.00
# Visual Studio Version 17
VisualStudioVersion = 17.3.32811.315
MinimumVisualStudioVersion = 10.0.40219.1
Project("{FAE04EC0-301F-11D3-BF4B-00C04F79EFBC}") = "318P", "318P\318P.csproj", "{C7D88FBB-D4DD-49B7-BC2D-903963C9E65D}"
EndProject
Global
	GlobalSection(SolutionConfigurationPlatforms) = preSolution
		Debug|Any CPU = Debug|Any CPU
		Release|Any CPU = Release|Any CPU
	EndGlobalSection
	GlobalSection(ProjectConfigurationPlatforms) = postSolution
		{C7D88FBB-D4DD-49B7-BC2D-903963C9E65D}.Debug|Any CPU.ActiveCfg = Debug|Any CPU
		{C7D88FBB-D4DD-49B7-BC2D-903963C9E65D}.Debug|Any CPU.Build.0 = Debug|Any CPU
		{C7D88FBB-D4DD-49B7-BC2D-903963C9E65D}.Release|Any CPU.ActiveCfg = Release|Any CPU
		{C7D88FBB-D4DD-49B7-BC2D-903963C9E65D}.Release|Any CPU.Build.0 = Release|Any CPU
	EndGlobalSection
	GlobalSection(SolutionProperties) = preSolution
		HideSolutionNode = FALSE
	EndGlobalSection
	GlobalSection(ExtensibilityGlobals) = postSolution
		SolutionGuid = {0B5B333C-15E0-4769-A8A6-FE39F3AC185A}
	EndGlobalSection
EndGlobal
