
Microsoft Visual Studio Solution File, Format Version 12.00
# Visual Studio Version 17
VisualStudioVersion = 17.3.32811.315
MinimumVisualStudioVersion = 10.0.40219.1
Project("{FAE04EC0-301F-11D3-BF4B-00C04F79EFBC}") = "KeyMessageEvent", "KeyMessageEvent\KeyMessageEvent.csproj", "{48A16B0D-3840-41F7-A420-9A54EA642C3C}"
EndProject
Global
	GlobalSection(SolutionConfigurationPlatforms) = preSolution
		Debug|Any CPU = Debug|Any CPU
		Release|Any CPU = Release|Any CPU
	EndGlobalSection
	GlobalSection(ProjectConfigurationPlatforms) = postSolution
		{48A16B0D-3840-41F7-A420-9A54EA642C3C}.Debug|Any CPU.ActiveCfg = Debug|Any CPU
		{48A16B0D-3840-41F7-A420-9A54EA642C3C}.Debug|Any CPU.Build.0 = Debug|Any CPU
		{48A16B0D-3840-41F7-A420-9A54EA642C3C}.Release|Any CPU.ActiveCfg = Release|Any CPU
		{48A16B0D-3840-41F7-A420-9A54EA642C3C}.Release|Any CPU.Build.0 = Release|Any CPU
	EndGlobalSection
	GlobalSection(SolutionProperties) = preSolution
		HideSolutionNode = FALSE
	EndGlobalSection
	GlobalSection(ExtensibilityGlobals) = postSolution
		SolutionGuid = {3C5F7740-AA63-48D8-9201-222C064CD795}
	EndGlobalSection
EndGlobal
