
Microsoft Visual Studio Solution File, Format Version 12.00
# Visual Studio Version 17
VisualStudioVersion = 17.3.32811.315
MinimumVisualStudioVersion = 10.0.40219.1
Project("{FAE04EC0-301F-11D3-BF4B-00C04F79EFBC}") = "delegate", "delegate\delegate.csproj", "{DA7CED2C-F385-43E3-BC0A-D0889F90D0A0}"
EndProject
Global
	GlobalSection(SolutionConfigurationPlatforms) = preSolution
		Debug|Any CPU = Debug|Any CPU
		Release|Any CPU = Release|Any CPU
	EndGlobalSection
	GlobalSection(ProjectConfigurationPlatforms) = postSolution
		{DA7CED2C-F385-43E3-BC0A-D0889F90D0A0}.Debug|Any CPU.ActiveCfg = Debug|Any CPU
		{DA7CED2C-F385-43E3-BC0A-D0889F90D0A0}.Debug|Any CPU.Build.0 = Debug|Any CPU
		{DA7CED2C-F385-43E3-BC0A-D0889F90D0A0}.Release|Any CPU.ActiveCfg = Release|Any CPU
		{DA7CED2C-F385-43E3-BC0A-D0889F90D0A0}.Release|Any CPU.Build.0 = Release|Any CPU
	EndGlobalSection
	GlobalSection(SolutionProperties) = preSolution
		HideSolutionNode = FALSE
	EndGlobalSection
	GlobalSection(ExtensibilityGlobals) = postSolution
		SolutionGuid = {A2D2A037-9139-440F-8437-28351F073CA5}
	EndGlobalSection
EndGlobal
