
Microsoft Visual Studio Solution File, Format Version 12.00
# Visual Studio Version 17
VisualStudioVersion = 17.3.32811.315
MinimumVisualStudioVersion = 10.0.40219.1
Project("{FAE04EC0-301F-11D3-BF4B-00C04F79EFBC}") = "C_sharp_ch4", "C_sharp_ch4\C_sharp_ch4.csproj", "{234215BA-D22A-47B9-94FF-1AA637BF7524}"
EndProject
Global
	GlobalSection(SolutionConfigurationPlatforms) = preSolution
		Debug|Any CPU = Debug|Any CPU
		Release|Any CPU = Release|Any CPU
	EndGlobalSection
	GlobalSection(ProjectConfigurationPlatforms) = postSolution
		{234215BA-D22A-47B9-94FF-1AA637BF7524}.Debug|Any CPU.ActiveCfg = Debug|Any CPU
		{234215BA-D22A-47B9-94FF-1AA637BF7524}.Debug|Any CPU.Build.0 = Debug|Any CPU
		{234215BA-D22A-47B9-94FF-1AA637BF7524}.Release|Any CPU.ActiveCfg = Release|Any CPU
		{234215BA-D22A-47B9-94FF-1AA637BF7524}.Release|Any CPU.Build.0 = Release|Any CPU
	EndGlobalSection
	GlobalSection(SolutionProperties) = preSolution
		HideSolutionNode = FALSE
	EndGlobalSection
	GlobalSection(ExtensibilityGlobals) = postSolution
		SolutionGuid = {ABC09222-D32D-4F2B-93C1-BFCCCA823B1F}
	EndGlobalSection
EndGlobal
