
Microsoft Visual Studio Solution File, Format Version 12.00
# Visual Studio Version 17
VisualStudioVersion = 17.3.32811.315
MinimumVisualStudioVersion = 10.0.40219.1
Project("{FAE04EC0-301F-11D3-BF4B-00C04F79EFBC}") = "ConsoleApp1", "ConsoleApp1\ConsoleApp1.csproj", "{50B015E0-8B62-4406-A6D4-038DFE104E5B}"
EndProject
Global
	GlobalSection(SolutionConfigurationPlatforms) = preSolution
		Debug|Any CPU = Debug|Any CPU
		Release|Any CPU = Release|Any CPU
	EndGlobalSection
	GlobalSection(ProjectConfigurationPlatforms) = postSolution
		{50B015E0-8B62-4406-A6D4-038DFE104E5B}.Debug|Any CPU.ActiveCfg = Debug|Any CPU
		{50B015E0-8B62-4406-A6D4-038DFE104E5B}.Debug|Any CPU.Build.0 = Debug|Any CPU
		{50B015E0-8B62-4406-A6D4-038DFE104E5B}.Release|Any CPU.ActiveCfg = Release|Any CPU
		{50B015E0-8B62-4406-A6D4-038DFE104E5B}.Release|Any CPU.Build.0 = Release|Any CPU
	EndGlobalSection
	GlobalSection(SolutionProperties) = preSolution
		HideSolutionNode = FALSE
	EndGlobalSection
	GlobalSection(ExtensibilityGlobals) = postSolution
		SolutionGuid = {18D31EB6-CD6E-4830-AE88-64224D03D634}
	EndGlobalSection
EndGlobal
