
Microsoft Visual Studio Solution File, Format Version 12.00
# Visual Studio Version 17
VisualStudioVersion = 17.3.32819.101
MinimumVisualStudioVersion = 10.0.40219.1
Project("{FAE04EC0-301F-11D3-BF4B-00C04F79EFBC}") = "C_sharp_async", "C_sharp_async\C_sharp_async.csproj", "{3B35E656-B990-4913-82F2-F940A9992E7C}"
EndProject
Global
	GlobalSection(SolutionConfigurationPlatforms) = preSolution
		Debug|Any CPU = Debug|Any CPU
		Release|Any CPU = Release|Any CPU
	EndGlobalSection
	GlobalSection(ProjectConfigurationPlatforms) = postSolution
		{3B35E656-B990-4913-82F2-F940A9992E7C}.Debug|Any CPU.ActiveCfg = Debug|Any CPU
		{3B35E656-B990-4913-82F2-F940A9992E7C}.Debug|Any CPU.Build.0 = Debug|Any CPU
		{3B35E656-B990-4913-82F2-F940A9992E7C}.Release|Any CPU.ActiveCfg = Release|Any CPU
		{3B35E656-B990-4913-82F2-F940A9992E7C}.Release|Any CPU.Build.0 = Release|Any CPU
	EndGlobalSection
	GlobalSection(SolutionProperties) = preSolution
		HideSolutionNode = FALSE
	EndGlobalSection
	GlobalSection(ExtensibilityGlobals) = postSolution
		SolutionGuid = {C73CEE64-D28B-41F5-B052-CD0281A0DE97}
	EndGlobalSection
EndGlobal
