
Microsoft Visual Studio Solution File, Format Version 12.00
# Visual Studio Version 17
VisualStudioVersion = 17.3.32811.315
MinimumVisualStudioVersion = 10.0.40219.1
Project("{FAE04EC0-301F-11D3-BF4B-00C04F79EFBC}") = "MultiDelegate_2", "MultiDelegate_2\MultiDelegate_2.csproj", "{50A7421C-776F-434B-98EE-AEDA86E7B0F6}"
EndProject
Global
	GlobalSection(SolutionConfigurationPlatforms) = preSolution
		Debug|Any CPU = Debug|Any CPU
		Release|Any CPU = Release|Any CPU
	EndGlobalSection
	GlobalSection(ProjectConfigurationPlatforms) = postSolution
		{50A7421C-776F-434B-98EE-AEDA86E7B0F6}.Debug|Any CPU.ActiveCfg = Debug|Any CPU
		{50A7421C-776F-434B-98EE-AEDA86E7B0F6}.Debug|Any CPU.Build.0 = Debug|Any CPU
		{50A7421C-776F-434B-98EE-AEDA86E7B0F6}.Release|Any CPU.ActiveCfg = Release|Any CPU
		{50A7421C-776F-434B-98EE-AEDA86E7B0F6}.Release|Any CPU.Build.0 = Release|Any CPU
	EndGlobalSection
	GlobalSection(SolutionProperties) = preSolution
		HideSolutionNode = FALSE
	EndGlobalSection
	GlobalSection(ExtensibilityGlobals) = postSolution
		SolutionGuid = {17FCD8D0-E432-491A-B351-A4BCB08104BD}
	EndGlobalSection
EndGlobal
