
Microsoft Visual Studio Solution File, Format Version 12.00
# Visual Studio Version 17
VisualStudioVersion = 17.3.32811.315
MinimumVisualStudioVersion = 10.0.40219.1
Project("{FAE04EC0-301F-11D3-BF4B-00C04F79EFBC}") = "FormEvent", "FormEvent\FormEvent.csproj", "{9F835CB6-7670-44B3-8858-BED0B6ED6F37}"
EndProject
Global
	GlobalSection(SolutionConfigurationPlatforms) = preSolution
		Debug|Any CPU = Debug|Any CPU
		Release|Any CPU = Release|Any CPU
	EndGlobalSection
	GlobalSection(ProjectConfigurationPlatforms) = postSolution
		{9F835CB6-7670-44B3-8858-BED0B6ED6F37}.Debug|Any CPU.ActiveCfg = Debug|Any CPU
		{9F835CB6-7670-44B3-8858-BED0B6ED6F37}.Debug|Any CPU.Build.0 = Debug|Any CPU
		{9F835CB6-7670-44B3-8858-BED0B6ED6F37}.Release|Any CPU.ActiveCfg = Release|Any CPU
		{9F835CB6-7670-44B3-8858-BED0B6ED6F37}.Release|Any CPU.Build.0 = Release|Any CPU
	EndGlobalSection
	GlobalSection(SolutionProperties) = preSolution
		HideSolutionNode = FALSE
	EndGlobalSection
	GlobalSection(ExtensibilityGlobals) = postSolution
		SolutionGuid = {4B9D0EE4-2C6C-4605-81A0-ADE0D4D5A2ED}
	EndGlobalSection
EndGlobal
