
Microsoft Visual Studio Solution File, Format Version 12.00
# Visual Studio Version 17
VisualStudioVersion = 17.3.32811.315
MinimumVisualStudioVersion = 10.0.40219.1
Project("{FAE04EC0-301F-11D3-BF4B-00C04F79EFBC}") = "ThreadExit", "ThreadExit\ThreadExit.csproj", "{D4D2C877-5E16-4AA1-978B-18CD6151FFBB}"
EndProject
Global
	GlobalSection(SolutionConfigurationPlatforms) = preSolution
		Debug|Any CPU = Debug|Any CPU
		Release|Any CPU = Release|Any CPU
	EndGlobalSection
	GlobalSection(ProjectConfigurationPlatforms) = postSolution
		{D4D2C877-5E16-4AA1-978B-18CD6151FFBB}.Debug|Any CPU.ActiveCfg = Debug|Any CPU
		{D4D2C877-5E16-4AA1-978B-18CD6151FFBB}.Debug|Any CPU.Build.0 = Debug|Any CPU
		{D4D2C877-5E16-4AA1-978B-18CD6151FFBB}.Release|Any CPU.ActiveCfg = Release|Any CPU
		{D4D2C877-5E16-4AA1-978B-18CD6151FFBB}.Release|Any CPU.Build.0 = Release|Any CPU
	EndGlobalSection
	GlobalSection(SolutionProperties) = preSolution
		HideSolutionNode = FALSE
	EndGlobalSection
	GlobalSection(ExtensibilityGlobals) = postSolution
		SolutionGuid = {48AE3B74-FEEE-4C21-B546-A8B9A5567DF0}
	EndGlobalSection
EndGlobal
