
Microsoft Visual Studio Solution File, Format Version 12.00
# Visual Studio Version 17
VisualStudioVersion = 17.3.32811.315
MinimumVisualStudioVersion = 10.0.40219.1
Project("{FAE04EC0-301F-11D3-BF4B-00C04F79EFBC}") = "CallbackMethod2", "CallbackMethod2\CallbackMethod2.csproj", "{BCFB6A97-1364-4849-B774-EC02EF55678A}"
EndProject
Global
	GlobalSection(SolutionConfigurationPlatforms) = preSolution
		Debug|Any CPU = Debug|Any CPU
		Release|Any CPU = Release|Any CPU
	EndGlobalSection
	GlobalSection(ProjectConfigurationPlatforms) = postSolution
		{BCFB6A97-1364-4849-B774-EC02EF55678A}.Debug|Any CPU.ActiveCfg = Debug|Any CPU
		{BCFB6A97-1364-4849-B774-EC02EF55678A}.Debug|Any CPU.Build.0 = Debug|Any CPU
		{BCFB6A97-1364-4849-B774-EC02EF55678A}.Release|Any CPU.ActiveCfg = Release|Any CPU
		{BCFB6A97-1364-4849-B774-EC02EF55678A}.Release|Any CPU.Build.0 = Release|Any CPU
	EndGlobalSection
	GlobalSection(SolutionProperties) = preSolution
		HideSolutionNode = FALSE
	EndGlobalSection
	GlobalSection(ExtensibilityGlobals) = postSolution
		SolutionGuid = {05532DE3-7849-48E6-8DC7-F470381E4921}
	EndGlobalSection
EndGlobal
